Microsoft Visual Studio Solution File, Format Version 12.00
# Visual Studio 15
VisualStudioVersion = 15.0.27703.2026
MinimumVisualStudioVersion = 10.0.40219.1
Project("{FAE04EC0-301F-11D3-BF4B-00C04F79EFBC}") = "BatchCommand", "BatchCommand.csproj", "{A153F8E7-5BC4-4D34-ACB4-5E0E15F0121C}"
EndProject
Global
	GlobalSection(SolutionConfigurationPlatforms) = preSolution
		Debug|Any CPU = Debug|Any CPU
		Release|Any CPU = Release|Any CPU
	EndGlobalSection
	GlobalSection(ProjectConfigurationPlatforms) = postSolution
		{A153F8E7-5BC4-4D34-ACB4-5E0E15F0121C}.Debug|Any CPU.ActiveCfg = Debug|Any CPU
		{A153F8E7-5BC4-4D34-ACB4-5E0E15F0121C}.Debug|Any CPU.Build.0 = Debug|Any CPU
		{A153F8E7-5BC4-4D34-ACB4-5E0E15F0121C}.Release|Any CPU.ActiveCfg = Release|Any CPU
		{A153F8E7-5BC4-4D34-ACB4-5E0E15F0121C}.Release|Any CPU.Build.0 = Release|Any CPU
	EndGlobalSection
	GlobalSection(SolutionProperties) = preSolution
		HideSolutionNode = FALSE
	EndGlobalSection
	GlobalSection(ExtensibilityGlobals) = postSolution
		SolutionGuid = {D16D1547-C47D-4041-AF14-B64C16E527F0}
	EndGlobalSection
EndGlobal
